
Microsoft Visual Studio Solution File, Format Version 11.00
# Visual Studio 2010
Project("{FAE04EC0-301F-11D3-BF4B-00C04F79EFBC}") = "Assembly-CSharp", "Assembly-CSharp.csproj", "{858763c6-2667-9d63-05c6-ad27a53b72bc}"
EndProject
Project("{FAE04EC0-301F-11D3-BF4B-00C04F79EFBC}") = "Assembly-CSharp-Editor", "Assembly-CSharp-Editor.csproj", "{32fecc53-edef-aaac-8cc9-54a5d90e304c}"
EndProject
Global
	GlobalSection(SolutionConfigurationPlatforms) = preSolution
		Debug|Any CPU = Debug|Any CPU
		Release|Any CPU = Release|Any CPU
	EndGlobalSection
	GlobalSection(ProjectConfigurationPlatforms) = postSolution
		{858763c6-2667-9d63-05c6-ad27a53b72bc}.Debug|Any CPU.ActiveCfg = Debug|Any CPU
		{858763c6-2667-9d63-05c6-ad27a53b72bc}.Debug|Any CPU.Build.0 = Debug|Any CPU
		{858763c6-2667-9d63-05c6-ad27a53b72bc}.Release|Any CPU.ActiveCfg = Release|Any CPU
		{858763c6-2667-9d63-05c6-ad27a53b72bc}.Release|Any CPU.Build.0 = Release|Any CPU
		{32fecc53-edef-aaac-8cc9-54a5d90e304c}.Debug|Any CPU.ActiveCfg = Debug|Any CPU
		{32fecc53-edef-aaac-8cc9-54a5d90e304c}.Debug|Any CPU.Build.0 = Debug|Any CPU
		{32fecc53-edef-aaac-8cc9-54a5d90e304c}.Release|Any CPU.ActiveCfg = Release|Any CPU
		{32fecc53-edef-aaac-8cc9-54a5d90e304c}.Release|Any CPU.Build.0 = Release|Any CPU
	EndGlobalSection
	GlobalSection(SolutionProperties) = preSolution
		HideSolutionNode = FALSE
	EndGlobalSection
EndGlobal
