
Microsoft Visual Studio Solution File, Format Version 11.00
# Visual Studio 2010
Project("{FAE04EC0-301F-11D3-BF4B-00C04F79EFBC}") = "FinalIK", "FinalIK.csproj", "{d489bbd6-f6a0-6d89-6359-61c782305f94}"
EndProject
Project("{FAE04EC0-301F-11D3-BF4B-00C04F79EFBC}") = "FinalIK.Baker", "FinalIK.Baker.csproj", "{8dc6a378-5215-db3d-3f90-ff4c22fd20c7}"
EndProject
Project("{FAE04EC0-301F-11D3-BF4B-00C04F79EFBC}") = "FinalIK.Shared", "FinalIK.Shared.csproj", "{4578e353-ff02-9b8a-f1a0-048cf0ce8b50}"
EndProject
Project("{FAE04EC0-301F-11D3-BF4B-00C04F79EFBC}") = "MotionCapture.StandTravelModel", "MotionCapture.StandTravelModel.csproj", "{f594b386-7592-c036-fbde-ebe2d6068588}"
EndProject
Project("{FAE04EC0-301F-11D3-BF4B-00C04F79EFBC}") = "FinalIK.SharedDemo", "FinalIK.SharedDemo.csproj", "{d735a9ff-c148-98b2-a89f-d00a2044b053}"
EndProject
Project("{FAE04EC0-301F-11D3-BF4B-00C04F79EFBC}") = "FinalIK.Editor", "FinalIK.Editor.csproj", "{02aaea7b-6a3e-cfdc-b742-270e23a7f20b}"
EndProject
Project("{FAE04EC0-301F-11D3-BF4B-00C04F79EFBC}") = "MotionCapture.StandTravelModel.Editor", "MotionCapture.StandTravelModel.Editor.csproj", "{3990038c-02c1-0e9e-8387-fa86f6ae0082}"
EndProject
Global
	GlobalSection(SolutionConfigurationPlatforms) = preSolution
		Debug|Any CPU = Debug|Any CPU
	EndGlobalSection
	GlobalSection(ProjectConfigurationPlatforms) = postSolution
		{d489bbd6-f6a0-6d89-6359-61c782305f94}.Debug|Any CPU.ActiveCfg = Debug|Any CPU
		{d489bbd6-f6a0-6d89-6359-61c782305f94}.Debug|Any CPU.Build.0 = Debug|Any CPU
		{8dc6a378-5215-db3d-3f90-ff4c22fd20c7}.Debug|Any CPU.ActiveCfg = Debug|Any CPU
		{8dc6a378-5215-db3d-3f90-ff4c22fd20c7}.Debug|Any CPU.Build.0 = Debug|Any CPU
		{4578e353-ff02-9b8a-f1a0-048cf0ce8b50}.Debug|Any CPU.ActiveCfg = Debug|Any CPU
		{4578e353-ff02-9b8a-f1a0-048cf0ce8b50}.Debug|Any CPU.Build.0 = Debug|Any CPU
		{f594b386-7592-c036-fbde-ebe2d6068588}.Debug|Any CPU.ActiveCfg = Debug|Any CPU
		{f594b386-7592-c036-fbde-ebe2d6068588}.Debug|Any CPU.Build.0 = Debug|Any CPU
		{d735a9ff-c148-98b2-a89f-d00a2044b053}.Debug|Any CPU.ActiveCfg = Debug|Any CPU
		{d735a9ff-c148-98b2-a89f-d00a2044b053}.Debug|Any CPU.Build.0 = Debug|Any CPU
		{02aaea7b-6a3e-cfdc-b742-270e23a7f20b}.Debug|Any CPU.ActiveCfg = Debug|Any CPU
		{02aaea7b-6a3e-cfdc-b742-270e23a7f20b}.Debug|Any CPU.Build.0 = Debug|Any CPU
		{3990038c-02c1-0e9e-8387-fa86f6ae0082}.Debug|Any CPU.ActiveCfg = Debug|Any CPU
		{3990038c-02c1-0e9e-8387-fa86f6ae0082}.Debug|Any CPU.Build.0 = Debug|Any CPU
	EndGlobalSection
	GlobalSection(SolutionProperties) = preSolution
		HideSolutionNode = FALSE
	EndGlobalSection
EndGlobal
